
Microsoft Visual Studio Solution File, Format Version 11.00
# Visual Studio 2010
Project("{FAE04EC0-301F-11D3-BF4B-00C04F79EFBC}") = "TestProject", "TestProject\TestProject.csproj", "{1200F99B-CF16-4D41-88AE-E47A3056B90E}"
EndProject
Project("{FAE04EC0-301F-11D3-BF4B-00C04F79EFBC}") = "InferenceEngine", "InferenceEngine\InferenceEngine.csproj", "{A68D44F5-9B7C-44E9-943F-8085BCDDF8E6}"
EndProject
Project("{FAE04EC0-301F-11D3-BF4B-00C04F79EFBC}") = "DataTransfer", "DataTransfer\DataTransfer.csproj", "{C40E4837-3377-490D-8C5A-3CEB5F949966}"
EndProject
Project("{FAE04EC0-301F-11D3-BF4B-00C04F79EFBC}") = "SelfHeal", "SelfHeal\SelfHeal.csproj", "{82FBD6AD-0B82-4488-A42B-5E7BC66E7603}"
EndProject
Project("{FAE04EC0-301F-11D3-BF4B-00C04F79EFBC}") = "AnalyzerBase", "AnalyzerBase\AnalyzerBase.csproj", "{F8222142-81D1-45B2-A4E0-C9F76E6CC479}"
EndProject
Project("{FAE04EC0-301F-11D3-BF4B-00C04F79EFBC}") = "MatchingDataAnalyzer", "MatchingDataAnalyzer\MatchingDataAnalyzer.csproj", "{B912CB17-81DE-4228-AD2F-F2F176A795C9}"
EndProject
Project("{2150E333-8FDC-42A3-9474-1A3956D46DE8}") = "Solution Items", "Solution Items", "{FFD7B838-4154-47B8-84FE-2780F73B2923}"
	ProjectSection(SolutionItems) = preProject
		LICENSE = LICENSE
		README.md = README.md
	EndProjectSection
EndProject
Global
	GlobalSection(SolutionConfigurationPlatforms) = preSolution
		Debug|Any CPU = Debug|Any CPU
		Debug|Mixed Platforms = Debug|Mixed Platforms
		Debug|x86 = Debug|x86
		Release|Any CPU = Release|Any CPU
		Release|Mixed Platforms = Release|Mixed Platforms
		Release|x86 = Release|x86
	EndGlobalSection
	GlobalSection(ProjectConfigurationPlatforms) = postSolution
		{1200F99B-CF16-4D41-88AE-E47A3056B90E}.Debug|Any CPU.ActiveCfg = Debug|x86
		{1200F99B-CF16-4D41-88AE-E47A3056B90E}.Debug|Mixed Platforms.ActiveCfg = Debug|x86
		{1200F99B-CF16-4D41-88AE-E47A3056B90E}.Debug|Mixed Platforms.Build.0 = Debug|x86
		{1200F99B-CF16-4D41-88AE-E47A3056B90E}.Debug|x86.ActiveCfg = Debug|x86
		{1200F99B-CF16-4D41-88AE-E47A3056B90E}.Debug|x86.Build.0 = Debug|x86
		{1200F99B-CF16-4D41-88AE-E47A3056B90E}.Release|Any CPU.ActiveCfg = Release|x86
		{1200F99B-CF16-4D41-88AE-E47A3056B90E}.Release|Mixed Platforms.ActiveCfg = Release|x86
		{1200F99B-CF16-4D41-88AE-E47A3056B90E}.Release|Mixed Platforms.Build.0 = Release|x86
		{1200F99B-CF16-4D41-88AE-E47A3056B90E}.Release|x86.ActiveCfg = Release|x86
		{1200F99B-CF16-4D41-88AE-E47A3056B90E}.Release|x86.Build.0 = Release|x86
		{A68D44F5-9B7C-44E9-943F-8085BCDDF8E6}.Debug|Any CPU.ActiveCfg = Debug|x86
		{A68D44F5-9B7C-44E9-943F-8085BCDDF8E6}.Debug|Mixed Platforms.ActiveCfg = Debug|x86
		{A68D44F5-9B7C-44E9-943F-8085BCDDF8E6}.Debug|Mixed Platforms.Build.0 = Debug|x86
		{A68D44F5-9B7C-44E9-943F-8085BCDDF8E6}.Debug|x86.ActiveCfg = Debug|x86
		{A68D44F5-9B7C-44E9-943F-8085BCDDF8E6}.Debug|x86.Build.0 = Debug|x86
		{A68D44F5-9B7C-44E9-943F-8085BCDDF8E6}.Release|Any CPU.ActiveCfg = Release|x86
		{A68D44F5-9B7C-44E9-943F-8085BCDDF8E6}.Release|Mixed Platforms.ActiveCfg = Release|x86
		{A68D44F5-9B7C-44E9-943F-8085BCDDF8E6}.Release|Mixed Platforms.Build.0 = Release|x86
		{A68D44F5-9B7C-44E9-943F-8085BCDDF8E6}.Release|x86.ActiveCfg = Release|x86
		{A68D44F5-9B7C-44E9-943F-8085BCDDF8E6}.Release|x86.Build.0 = Release|x86
		{C40E4837-3377-490D-8C5A-3CEB5F949966}.Debug|Any CPU.ActiveCfg = Debug|Any CPU
		{C40E4837-3377-490D-8C5A-3CEB5F949966}.Debug|Any CPU.Build.0 = Debug|Any CPU
		{C40E4837-3377-490D-8C5A-3CEB5F949966}.Debug|Mixed Platforms.ActiveCfg = Debug|Any CPU
		{C40E4837-3377-490D-8C5A-3CEB5F949966}.Debug|Mixed Platforms.Build.0 = Debug|Any CPU
		{C40E4837-3377-490D-8C5A-3CEB5F949966}.Debug|x86.ActiveCfg = Debug|Any CPU
		{C40E4837-3377-490D-8C5A-3CEB5F949966}.Debug|x86.Build.0 = Debug|Any CPU
		{C40E4837-3377-490D-8C5A-3CEB5F949966}.Release|Any CPU.ActiveCfg = Release|Any CPU
		{C40E4837-3377-490D-8C5A-3CEB5F949966}.Release|Any CPU.Build.0 = Release|Any CPU
		{C40E4837-3377-490D-8C5A-3CEB5F949966}.Release|Mixed Platforms.ActiveCfg = Release|Any CPU
		{C40E4837-3377-490D-8C5A-3CEB5F949966}.Release|Mixed Platforms.Build.0 = Release|Any CPU
		{C40E4837-3377-490D-8C5A-3CEB5F949966}.Release|x86.ActiveCfg = Release|Any CPU
		{82FBD6AD-0B82-4488-A42B-5E7BC66E7603}.Debug|Any CPU.ActiveCfg = Debug|Any CPU
		{82FBD6AD-0B82-4488-A42B-5E7BC66E7603}.Debug|Any CPU.Build.0 = Debug|Any CPU
		{82FBD6AD-0B82-4488-A42B-5E7BC66E7603}.Debug|Mixed Platforms.ActiveCfg = Debug|Any CPU
		{82FBD6AD-0B82-4488-A42B-5E7BC66E7603}.Debug|Mixed Platforms.Build.0 = Debug|Any CPU
		{82FBD6AD-0B82-4488-A42B-5E7BC66E7603}.Debug|x86.ActiveCfg = Debug|Any CPU
		{82FBD6AD-0B82-4488-A42B-5E7BC66E7603}.Debug|x86.Build.0 = Debug|Any CPU
		{82FBD6AD-0B82-4488-A42B-5E7BC66E7603}.Release|Any CPU.ActiveCfg = Release|Any CPU
		{82FBD6AD-0B82-4488-A42B-5E7BC66E7603}.Release|Any CPU.Build.0 = Release|Any CPU
		{82FBD6AD-0B82-4488-A42B-5E7BC66E7603}.Release|Mixed Platforms.ActiveCfg = Release|Any CPU
		{82FBD6AD-0B82-4488-A42B-5E7BC66E7603}.Release|Mixed Platforms.Build.0 = Release|Any CPU
		{82FBD6AD-0B82-4488-A42B-5E7BC66E7603}.Release|x86.ActiveCfg = Release|Any CPU
		{F8222142-81D1-45B2-A4E0-C9F76E6CC479}.Debug|Any CPU.ActiveCfg = Debug|Any CPU
		{F8222142-81D1-45B2-A4E0-C9F76E6CC479}.Debug|Any CPU.Build.0 = Debug|Any CPU
		{F8222142-81D1-45B2-A4E0-C9F76E6CC479}.Debug|Mixed Platforms.ActiveCfg = Debug|Any CPU
		{F8222142-81D1-45B2-A4E0-C9F76E6CC479}.Debug|Mixed Platforms.Build.0 = Debug|Any CPU
		{F8222142-81D1-45B2-A4E0-C9F76E6CC479}.Debug|x86.ActiveCfg = Debug|Any CPU
		{F8222142-81D1-45B2-A4E0-C9F76E6CC479}.Debug|x86.Build.0 = Debug|Any CPU
		{F8222142-81D1-45B2-A4E0-C9F76E6CC479}.Release|Any CPU.ActiveCfg = Release|Any CPU
		{F8222142-81D1-45B2-A4E0-C9F76E6CC479}.Release|Any CPU.Build.0 = Release|Any CPU
		{F8222142-81D1-45B2-A4E0-C9F76E6CC479}.Release|Mixed Platforms.ActiveCfg = Release|Any CPU
		{F8222142-81D1-45B2-A4E0-C9F76E6CC479}.Release|Mixed Platforms.Build.0 = Release|Any CPU
		{F8222142-81D1-45B2-A4E0-C9F76E6CC479}.Release|x86.ActiveCfg = Release|Any CPU
		{B912CB17-81DE-4228-AD2F-F2F176A795C9}.Debug|Any CPU.ActiveCfg = Debug|Any CPU
		{B912CB17-81DE-4228-AD2F-F2F176A795C9}.Debug|Any CPU.Build.0 = Debug|Any CPU
		{B912CB17-81DE-4228-AD2F-F2F176A795C9}.Debug|Mixed Platforms.ActiveCfg = Debug|Any CPU
		{B912CB17-81DE-4228-AD2F-F2F176A795C9}.Debug|Mixed Platforms.Build.0 = Debug|Any CPU
		{B912CB17-81DE-4228-AD2F-F2F176A795C9}.Debug|x86.ActiveCfg = Debug|Any CPU
		{B912CB17-81DE-4228-AD2F-F2F176A795C9}.Debug|x86.Build.0 = Debug|Any CPU
		{B912CB17-81DE-4228-AD2F-F2F176A795C9}.Release|Any CPU.ActiveCfg = Release|Any CPU
		{B912CB17-81DE-4228-AD2F-F2F176A795C9}.Release|Any CPU.Build.0 = Release|Any CPU
		{B912CB17-81DE-4228-AD2F-F2F176A795C9}.Release|Mixed Platforms.ActiveCfg = Release|Any CPU
		{B912CB17-81DE-4228-AD2F-F2F176A795C9}.Release|Mixed Platforms.Build.0 = Release|Any CPU
		{B912CB17-81DE-4228-AD2F-F2F176A795C9}.Release|x86.ActiveCfg = Release|Any CPU
	EndGlobalSection
	GlobalSection(SolutionProperties) = preSolution
		HideSolutionNode = FALSE
	EndGlobalSection
EndGlobal
